
Microsoft Visual Studio Solution File, Format Version 12.00
# Visual Studio Version 16
VisualStudioVersion = 16.0.30611.23
MinimumVisualStudioVersion = 10.0.40219.1
Project("{FAE04EC0-301F-11D3-BF4B-00C04F79EFBC}") = "SecretString", "SecretString\SecretString.csproj", "{183E3FE6-7153-44D8-BF3F-1523B24B74C2}"
EndProject
Global
	GlobalSection(SolutionConfigurationPlatforms) = preSolution
		Debug|Any CPU = Debug|Any CPU
		Release|Any CPU = Release|Any CPU
	EndGlobalSection
	GlobalSection(ProjectConfigurationPlatforms) = postSolution
		{183E3FE6-7153-44D8-BF3F-1523B24B74C2}.Debug|Any CPU.ActiveCfg = Debug|Any CPU
		{183E3FE6-7153-44D8-BF3F-1523B24B74C2}.Debug|Any CPU.Build.0 = Debug|Any CPU
		{183E3FE6-7153-44D8-BF3F-1523B24B74C2}.Release|Any CPU.ActiveCfg = Release|Any CPU
		{183E3FE6-7153-44D8-BF3F-1523B24B74C2}.Release|Any CPU.Build.0 = Release|Any CPU
	EndGlobalSection
	GlobalSection(SolutionProperties) = preSolution
		HideSolutionNode = FALSE
	EndGlobalSection
	GlobalSection(ExtensibilityGlobals) = postSolution
		SolutionGuid = {35EC133E-2E08-4A58-9B78-C8321AF24A82}
	EndGlobalSection
EndGlobal
